
Microsoft Visual Studio Solution File, Format Version 12.00
# Visual Studio Version 17
VisualStudioVersion = 17.3.32929.385
MinimumVisualStudioVersion = 10.0.40219.1
Project("{9A19103F-16F7-4668-BE54-9A1E7A4F7556}") = "ConsoleAppHome29.11", "ConsoleAppHome29.11\ConsoleAppHome29.11.csproj", "{D245650D-6CFA-414D-8FD8-D6F033B38C1B}"
EndProject
Project("{9A19103F-16F7-4668-BE54-9A1E7A4F7556}") = "ConsoleApp1", "ConsoleApp1\ConsoleApp1.csproj", "{BF5BBD4D-B01A-4DA3-A711-BEF93B907CF0}"
EndProject
Project("{9A19103F-16F7-4668-BE54-9A1E7A4F7556}") = "ConsoleAppClassworc", "ConsoleAppClassworc\ConsoleAppClassworc.csproj", "{14D5929C-5A8A-4AB7-8ADF-3E1B460B2B4F}"
EndProject
Project("{9A19103F-16F7-4668-BE54-9A1E7A4F7556}") = "ConsoleAppNum3", "ConsoleAppNum3\ConsoleAppNum3.csproj", "{D13DF801-ADB2-4CD3-84FF-F78EDDB47819}"
EndProject
Project("{9A19103F-16F7-4668-BE54-9A1E7A4F7556}") = "ConsoleAppOldPeople", "ConsoleAppOldPeople\ConsoleAppOldPeople.csproj", "{3D5E0BB0-98C9-46AF-BE0E-1658B8EDA1DC}"
EndProject
Project("{9A19103F-16F7-4668-BE54-9A1E7A4F7556}") = "ConsoleAppMoney", "ConsoleAppMoney\ConsoleAppMoney.csproj", "{9E9CE6EE-E8B6-4855-A976-D3181542E5E8}"
EndProject
Project("{FAE04EC0-301F-11D3-BF4B-00C04F79EFBC}") = "ConsoleAppFlowers", "ConsoleAppFlowers\ConsoleAppFlowers.csproj", "{FEC55744-0699-48CD-9EE2-62F163FE1411}"
EndProject
Project("{FAE04EC0-301F-11D3-BF4B-00C04F79EFBC}") = "ConsoleAppFloor", "ConsoleAppFloor\ConsoleAppFloor.csproj", "{78405EC5-E837-48B3-8E29-6021E58C3B5B}"
EndProject
Project("{FAE04EC0-301F-11D3-BF4B-00C04F79EFBC}") = "ConsoleAppZp", "ConsoleAppZp\ConsoleAppZp.csproj", "{0D6BC756-E330-42B6-9F3B-B93DD26956D1}"
EndProject
Global
	GlobalSection(SolutionConfigurationPlatforms) = preSolution
		Debug|Any CPU = Debug|Any CPU
		Release|Any CPU = Release|Any CPU
	EndGlobalSection
	GlobalSection(ProjectConfigurationPlatforms) = postSolution
		{D245650D-6CFA-414D-8FD8-D6F033B38C1B}.Debug|Any CPU.ActiveCfg = Debug|Any CPU
		{D245650D-6CFA-414D-8FD8-D6F033B38C1B}.Debug|Any CPU.Build.0 = Debug|Any CPU
		{D245650D-6CFA-414D-8FD8-D6F033B38C1B}.Release|Any CPU.ActiveCfg = Release|Any CPU
		{D245650D-6CFA-414D-8FD8-D6F033B38C1B}.Release|Any CPU.Build.0 = Release|Any CPU
		{BF5BBD4D-B01A-4DA3-A711-BEF93B907CF0}.Debug|Any CPU.ActiveCfg = Debug|Any CPU
		{BF5BBD4D-B01A-4DA3-A711-BEF93B907CF0}.Debug|Any CPU.Build.0 = Debug|Any CPU
		{BF5BBD4D-B01A-4DA3-A711-BEF93B907CF0}.Release|Any CPU.ActiveCfg = Release|Any CPU
		{BF5BBD4D-B01A-4DA3-A711-BEF93B907CF0}.Release|Any CPU.Build.0 = Release|Any CPU
		{14D5929C-5A8A-4AB7-8ADF-3E1B460B2B4F}.Debug|Any CPU.ActiveCfg = Debug|Any CPU
		{14D5929C-5A8A-4AB7-8ADF-3E1B460B2B4F}.Debug|Any CPU.Build.0 = Debug|Any CPU
		{14D5929C-5A8A-4AB7-8ADF-3E1B460B2B4F}.Release|Any CPU.ActiveCfg = Release|Any CPU
		{14D5929C-5A8A-4AB7-8ADF-3E1B460B2B4F}.Release|Any CPU.Build.0 = Release|Any CPU
		{D13DF801-ADB2-4CD3-84FF-F78EDDB47819}.Debug|Any CPU.ActiveCfg = Debug|Any CPU
		{D13DF801-ADB2-4CD3-84FF-F78EDDB47819}.Debug|Any CPU.Build.0 = Debug|Any CPU
		{D13DF801-ADB2-4CD3-84FF-F78EDDB47819}.Release|Any CPU.ActiveCfg = Release|Any CPU
		{D13DF801-ADB2-4CD3-84FF-F78EDDB47819}.Release|Any CPU.Build.0 = Release|Any CPU
		{3D5E0BB0-98C9-46AF-BE0E-1658B8EDA1DC}.Debug|Any CPU.ActiveCfg = Debug|Any CPU
		{3D5E0BB0-98C9-46AF-BE0E-1658B8EDA1DC}.Debug|Any CPU.Build.0 = Debug|Any CPU
		{3D5E0BB0-98C9-46AF-BE0E-1658B8EDA1DC}.Release|Any CPU.ActiveCfg = Release|Any CPU
		{3D5E0BB0-98C9-46AF-BE0E-1658B8EDA1DC}.Release|Any CPU.Build.0 = Release|Any CPU
		{9E9CE6EE-E8B6-4855-A976-D3181542E5E8}.Debug|Any CPU.ActiveCfg = Debug|Any CPU
		{9E9CE6EE-E8B6-4855-A976-D3181542E5E8}.Debug|Any CPU.Build.0 = Debug|Any CPU
		{9E9CE6EE-E8B6-4855-A976-D3181542E5E8}.Release|Any CPU.ActiveCfg = Release|Any CPU
		{9E9CE6EE-E8B6-4855-A976-D3181542E5E8}.Release|Any CPU.Build.0 = Release|Any CPU
		{FEC55744-0699-48CD-9EE2-62F163FE1411}.Debug|Any CPU.ActiveCfg = Debug|Any CPU
		{FEC55744-0699-48CD-9EE2-62F163FE1411}.Debug|Any CPU.Build.0 = Debug|Any CPU
		{FEC55744-0699-48CD-9EE2-62F163FE1411}.Release|Any CPU.ActiveCfg = Release|Any CPU
		{FEC55744-0699-48CD-9EE2-62F163FE1411}.Release|Any CPU.Build.0 = Release|Any CPU
		{78405EC5-E837-48B3-8E29-6021E58C3B5B}.Debug|Any CPU.ActiveCfg = Debug|Any CPU
		{78405EC5-E837-48B3-8E29-6021E58C3B5B}.Debug|Any CPU.Build.0 = Debug|Any CPU
		{78405EC5-E837-48B3-8E29-6021E58C3B5B}.Release|Any CPU.ActiveCfg = Release|Any CPU
		{78405EC5-E837-48B3-8E29-6021E58C3B5B}.Release|Any CPU.Build.0 = Release|Any CPU
		{0D6BC756-E330-42B6-9F3B-B93DD26956D1}.Debug|Any CPU.ActiveCfg = Debug|Any CPU
		{0D6BC756-E330-42B6-9F3B-B93DD26956D1}.Debug|Any CPU.Build.0 = Debug|Any CPU
		{0D6BC756-E330-42B6-9F3B-B93DD26956D1}.Release|Any CPU.ActiveCfg = Release|Any CPU
		{0D6BC756-E330-42B6-9F3B-B93DD26956D1}.Release|Any CPU.Build.0 = Release|Any CPU
	EndGlobalSection
	GlobalSection(SolutionProperties) = preSolution
		HideSolutionNode = FALSE
	EndGlobalSection
	GlobalSection(ExtensibilityGlobals) = postSolution
		SolutionGuid = {4F100450-B4D2-44C3-85A7-B8C8F9179A5A}
	EndGlobalSection
EndGlobal
